
Microsoft Visual Studio Solution File, Format Version 12.00
# Visual Studio Version 17
VisualStudioVersion = 17.7.34031.279
MinimumVisualStudioVersion = 10.0.40219.1
Project("{9A19103F-16F7-4668-BE54-9A1E7A4F7556}") = "ASPNETCoreHomeTasks_2", "ASPNETCoreHomeTasks_2\ASPNETCoreHomeTasks_2.csproj", "{D0E293B2-117B-420C-A20D-AA4334F6B3AE}"
EndProject
Project("{FAE04EC0-301F-11D3-BF4B-00C04F79EFBC}") = "Task2", "Task2\Task2.csproj", "{85F61E5F-BC0F-4B8E-9C8A-EF773FBB76E3}"
EndProject
Global
	GlobalSection(SolutionConfigurationPlatforms) = preSolution
		Debug|Any CPU = Debug|Any CPU
		Release|Any CPU = Release|Any CPU
	EndGlobalSection
	GlobalSection(ProjectConfigurationPlatforms) = postSolution
		{D0E293B2-117B-420C-A20D-AA4334F6B3AE}.Debug|Any CPU.ActiveCfg = Debug|Any CPU
		{D0E293B2-117B-420C-A20D-AA4334F6B3AE}.Debug|Any CPU.Build.0 = Debug|Any CPU
		{D0E293B2-117B-420C-A20D-AA4334F6B3AE}.Release|Any CPU.ActiveCfg = Release|Any CPU
		{D0E293B2-117B-420C-A20D-AA4334F6B3AE}.Release|Any CPU.Build.0 = Release|Any CPU
		{85F61E5F-BC0F-4B8E-9C8A-EF773FBB76E3}.Debug|Any CPU.ActiveCfg = Debug|Any CPU
		{85F61E5F-BC0F-4B8E-9C8A-EF773FBB76E3}.Debug|Any CPU.Build.0 = Debug|Any CPU
		{85F61E5F-BC0F-4B8E-9C8A-EF773FBB76E3}.Release|Any CPU.ActiveCfg = Release|Any CPU
		{85F61E5F-BC0F-4B8E-9C8A-EF773FBB76E3}.Release|Any CPU.Build.0 = Release|Any CPU
	EndGlobalSection
	GlobalSection(SolutionProperties) = preSolution
		HideSolutionNode = FALSE
	EndGlobalSection
	GlobalSection(ExtensibilityGlobals) = postSolution
		SolutionGuid = {1F0A6B7E-8F61-4025-AFCA-D11989328A09}
	EndGlobalSection
EndGlobal
